
Microsoft Visual Studio Solution File, Format Version 12.00
# Visual Studio Version 17
VisualStudioVersion = 17.8.34330.188
MinimumVisualStudioVersion = 10.0.40219.1
Project("{2150E333-8FDC-42A3-9474-1A3956D46DE8}") = "Lesson1", "Lesson1", "{3172CAD9-3E37-4132-989C-614932D36877}"
EndProject
Project("{FAE04EC0-301F-11D3-BF4B-00C04F79EFBC}") = "Lesson1A", "Lesson1\Lesson1A\Lesson1A.csproj", "{A0F1DFE5-559B-4202-8243-253808EE1A38}"
EndProject
Project("{FAE04EC0-301F-11D3-BF4B-00C04F79EFBC}") = "Lesson1B", "Lesson1\lesson1B\Lesson1B.csproj", "{CC3AA688-A974-4E48-A243-8B234C4441E7}"
EndProject
Global
	GlobalSection(SolutionConfigurationPlatforms) = preSolution
		Debug|Any CPU = Debug|Any CPU
		Release|Any CPU = Release|Any CPU
	EndGlobalSection
	GlobalSection(ProjectConfigurationPlatforms) = postSolution
		{A0F1DFE5-559B-4202-8243-253808EE1A38}.Debug|Any CPU.ActiveCfg = Debug|Any CPU
		{A0F1DFE5-559B-4202-8243-253808EE1A38}.Debug|Any CPU.Build.0 = Debug|Any CPU
		{A0F1DFE5-559B-4202-8243-253808EE1A38}.Release|Any CPU.ActiveCfg = Release|Any CPU
		{A0F1DFE5-559B-4202-8243-253808EE1A38}.Release|Any CPU.Build.0 = Release|Any CPU
		{CC3AA688-A974-4E48-A243-8B234C4441E7}.Debug|Any CPU.ActiveCfg = Debug|Any CPU
		{CC3AA688-A974-4E48-A243-8B234C4441E7}.Debug|Any CPU.Build.0 = Debug|Any CPU
		{CC3AA688-A974-4E48-A243-8B234C4441E7}.Release|Any CPU.ActiveCfg = Release|Any CPU
		{CC3AA688-A974-4E48-A243-8B234C4441E7}.Release|Any CPU.Build.0 = Release|Any CPU
	EndGlobalSection
	GlobalSection(SolutionProperties) = preSolution
		HideSolutionNode = FALSE
	EndGlobalSection
	GlobalSection(NestedProjects) = preSolution
		{A0F1DFE5-559B-4202-8243-253808EE1A38} = {3172CAD9-3E37-4132-989C-614932D36877}
		{CC3AA688-A974-4E48-A243-8B234C4441E7} = {3172CAD9-3E37-4132-989C-614932D36877}
	EndGlobalSection
	GlobalSection(ExtensibilityGlobals) = postSolution
		SolutionGuid = {89672822-B918-473E-B31C-9F20571F1604}
	EndGlobalSection
EndGlobal
